
Microsoft Visual Studio Solution File, Format Version 12.00
# Visual Studio Version 17
VisualStudioVersion = 17.3.32721.290
MinimumVisualStudioVersion = 10.0.40219.1
Project("{FAE04EC0-301F-11D3-BF4B-00C04F79EFBC}") = "Chain of Responsibility", "Chain of Responsibility\Chain of Responsibility.csproj", "{F8DFD9D7-709C-4E28-A892-C90681052667}"
EndProject
Global
	GlobalSection(SolutionConfigurationPlatforms) = preSolution
		Debug|Any CPU = Debug|Any CPU
		Release|Any CPU = Release|Any CPU
	EndGlobalSection
	GlobalSection(ProjectConfigurationPlatforms) = postSolution
		{F8DFD9D7-709C-4E28-A892-C90681052667}.Debug|Any CPU.ActiveCfg = Debug|Any CPU
		{F8DFD9D7-709C-4E28-A892-C90681052667}.Debug|Any CPU.Build.0 = Debug|Any CPU
		{F8DFD9D7-709C-4E28-A892-C90681052667}.Release|Any CPU.ActiveCfg = Release|Any CPU
		{F8DFD9D7-709C-4E28-A892-C90681052667}.Release|Any CPU.Build.0 = Release|Any CPU
	EndGlobalSection
	GlobalSection(SolutionProperties) = preSolution
		HideSolutionNode = FALSE
	EndGlobalSection
	GlobalSection(ExtensibilityGlobals) = postSolution
		SolutionGuid = {3FD2A1B6-DEA4-4A0C-BD76-DF6B213A004E}
	EndGlobalSection
EndGlobal
